
Microsoft Visual Studio Solution File, Format Version 12.00
# Visual Studio Version 17
VisualStudioVersion = 17.10.34916.146
MinimumVisualStudioVersion = 10.0.40219.1
Project("{FAE04EC0-301F-11D3-BF4B-00C04F79EFBC}") = "Cine+", "Cine+\Cine+.csproj", "{56940612-0C6F-484F-B30E-FF85E673282B}"
EndProject
Global
	GlobalSection(SolutionConfigurationPlatforms) = preSolution
		Debug|Any CPU = Debug|Any CPU
		Release|Any CPU = Release|Any CPU
	EndGlobalSection
	GlobalSection(ProjectConfigurationPlatforms) = postSolution
		{56940612-0C6F-484F-B30E-FF85E673282B}.Debug|Any CPU.ActiveCfg = Debug|Any CPU
		{56940612-0C6F-484F-B30E-FF85E673282B}.Debug|Any CPU.Build.0 = Debug|Any CPU
		{56940612-0C6F-484F-B30E-FF85E673282B}.Release|Any CPU.ActiveCfg = Release|Any CPU
		{56940612-0C6F-484F-B30E-FF85E673282B}.Release|Any CPU.Build.0 = Release|Any CPU
	EndGlobalSection
	GlobalSection(SolutionProperties) = preSolution
		HideSolutionNode = FALSE
	EndGlobalSection
	GlobalSection(ExtensibilityGlobals) = postSolution
		SolutionGuid = {D2469DA0-56FD-4873-B6D0-68182978D5FD}
	EndGlobalSection
EndGlobal
